
Microsoft Visual Studio Solution File, Format Version 12.00
# Visual Studio Version 17
VisualStudioVersion = 17.3.32929.385
MinimumVisualStudioVersion = 10.0.40219.1
Project("{FAE04EC0-301F-11D3-BF4B-00C04F79EFBC}") = "P5-FX.Engine", "P5-FX.Engine\P5-FX.Engine.csproj", "{5DFFB592-7B67-43B2-808D-29218CC66AFA}"
EndProject
Global
	GlobalSection(SolutionConfigurationPlatforms) = preSolution
		Debug|Any CPU = Debug|Any CPU
		Release|Any CPU = Release|Any CPU
	EndGlobalSection
	GlobalSection(ProjectConfigurationPlatforms) = postSolution
		{5DFFB592-7B67-43B2-808D-29218CC66AFA}.Debug|Any CPU.ActiveCfg = Debug|Any CPU
		{5DFFB592-7B67-43B2-808D-29218CC66AFA}.Debug|Any CPU.Build.0 = Debug|Any CPU
		{5DFFB592-7B67-43B2-808D-29218CC66AFA}.Release|Any CPU.ActiveCfg = Release|Any CPU
		{5DFFB592-7B67-43B2-808D-29218CC66AFA}.Release|Any CPU.Build.0 = Release|Any CPU
	EndGlobalSection
	GlobalSection(SolutionProperties) = preSolution
		HideSolutionNode = FALSE
	EndGlobalSection
	GlobalSection(ExtensibilityGlobals) = postSolution
		SolutionGuid = {AA2BA8B9-3DDA-468F-9039-9B77034BF7CF}
	EndGlobalSection
EndGlobal
